# THIS IS AN AUTOGENERATED FILE. DO NOT EDIT THIS FILE DIRECTLY.
# yarn lockfile v1


better-sqlite3@^4.1.0:
  version "4.1.0"
  resolved "https://registry.yarnpkg.com/better-sqlite3/-/better-sqlite3-4.1.0.tgz#1dbb0b13b280ce1eebebad431502deb08b78941e"
  dependencies:
    bindings "^1.3.0"
    integer "^1.0.3"
    lzz-gyp "^0.4.2"

bindings@^1.3.0:
  version "1.3.0"
  resolved "https://registry.yarnpkg.com/bindings/-/bindings-1.3.0.tgz#b346f6ecf6a95f5a815c5839fc7cdb22502f1ed7"

integer@^1.0.3:
  version "1.0.3"
  resolved "https://registry.yarnpkg.com/integer/-/integer-1.0.3.tgz#6e6403896de6781c50974c5adf9eea9bb0ce6acb"
  dependencies:
    bindings "^1.3.0"

lzz-gyp@^0.4.2:
  version "0.4.2"
  resolved "https://registry.yarnpkg.com/lzz-gyp/-/lzz-gyp-0.4.2.tgz#495c44034a1f50c48a60f0ef9c28d42763a5b297"

node-fetch@^2.1.2:
  version "2.1.2"
  resolved "https://registry.yarnpkg.com/node-fetch/-/node-fetch-2.1.2.tgz#ab884e8e7e57e38a944753cec706f788d1768bb5"
